
Microsoft Visual Studio Solution File, Format Version 12.00
# Visual Studio 14
VisualStudioVersion = 14.0.23107.0
MinimumVisualStudioVersion = 10.0.40219.1
Project("{FAE04EC0-301F-11D3-BF4B-00C04F79EFBC}") = "VL.Common.DAS", "VL.Common.DAS\VL.Common.DAS.csproj", "{1AF58DC2-559C-46DA-B27C-2C9A7CF10AF1}"
EndProject
Project("{FAE04EC0-301F-11D3-BF4B-00C04F79EFBC}") = "VL.Common.Configurator", "VL.Common.Configurator\VL.Common.Configurator.csproj", "{4167518B-D35A-4F12-8A5E-B7BEA320C76D}"
EndProject
Project("{FAE04EC0-301F-11D3-BF4B-00C04F79EFBC}") = "VL.Common.Logger", "VL.Common.Logger\VL.Common.Logger.csproj", "{0293CB98-EAB0-43CC-B293-9A84FD84B518}"
EndProject
Project("{FAE04EC0-301F-11D3-BF4B-00C04F79EFBC}") = "VL.Common.IdGenerator", "VL.Common.IdGenerator\VL.Common.IdGenerator.csproj", "{6A5D4D0E-C5CC-48DA-B07D-2EE01FFB075E}"
EndProject
Project("{FAE04EC0-301F-11D3-BF4B-00C04F79EFBC}") = "VL.Common.Testing", "VL.Common.Testing\VL.Common.Testing.csproj", "{4A44364C-E8BD-4B70-93E4-96B68F3E97F3}"
EndProject
Project("{FAE04EC0-301F-11D3-BF4B-00C04F79EFBC}") = "VL.Common.ORM", "VL.Common.ORM\VL.Common.ORM.csproj", "{6C5AC894-C902-494C-9743-8A57BA2B637B}"
EndProject
Global
	GlobalSection(SolutionConfigurationPlatforms) = preSolution
		Debug|Any CPU = Debug|Any CPU
		Release|Any CPU = Release|Any CPU
	EndGlobalSection
	GlobalSection(ProjectConfigurationPlatforms) = postSolution
		{1AF58DC2-559C-46DA-B27C-2C9A7CF10AF1}.Debug|Any CPU.ActiveCfg = Debug|Any CPU
		{1AF58DC2-559C-46DA-B27C-2C9A7CF10AF1}.Debug|Any CPU.Build.0 = Debug|Any CPU
		{1AF58DC2-559C-46DA-B27C-2C9A7CF10AF1}.Release|Any CPU.ActiveCfg = Release|Any CPU
		{1AF58DC2-559C-46DA-B27C-2C9A7CF10AF1}.Release|Any CPU.Build.0 = Release|Any CPU
		{4167518B-D35A-4F12-8A5E-B7BEA320C76D}.Debug|Any CPU.ActiveCfg = Debug|Any CPU
		{4167518B-D35A-4F12-8A5E-B7BEA320C76D}.Debug|Any CPU.Build.0 = Debug|Any CPU
		{4167518B-D35A-4F12-8A5E-B7BEA320C76D}.Release|Any CPU.ActiveCfg = Release|Any CPU
		{4167518B-D35A-4F12-8A5E-B7BEA320C76D}.Release|Any CPU.Build.0 = Release|Any CPU
		{0293CB98-EAB0-43CC-B293-9A84FD84B518}.Debug|Any CPU.ActiveCfg = Debug|Any CPU
		{0293CB98-EAB0-43CC-B293-9A84FD84B518}.Debug|Any CPU.Build.0 = Debug|Any CPU
		{0293CB98-EAB0-43CC-B293-9A84FD84B518}.Release|Any CPU.ActiveCfg = Release|Any CPU
		{0293CB98-EAB0-43CC-B293-9A84FD84B518}.Release|Any CPU.Build.0 = Release|Any CPU
		{6A5D4D0E-C5CC-48DA-B07D-2EE01FFB075E}.Debug|Any CPU.ActiveCfg = Debug|Any CPU
		{6A5D4D0E-C5CC-48DA-B07D-2EE01FFB075E}.Debug|Any CPU.Build.0 = Debug|Any CPU
		{6A5D4D0E-C5CC-48DA-B07D-2EE01FFB075E}.Release|Any CPU.ActiveCfg = Release|Any CPU
		{6A5D4D0E-C5CC-48DA-B07D-2EE01FFB075E}.Release|Any CPU.Build.0 = Release|Any CPU
		{4A44364C-E8BD-4B70-93E4-96B68F3E97F3}.Debug|Any CPU.ActiveCfg = Debug|Any CPU
		{4A44364C-E8BD-4B70-93E4-96B68F3E97F3}.Debug|Any CPU.Build.0 = Debug|Any CPU
		{4A44364C-E8BD-4B70-93E4-96B68F3E97F3}.Release|Any CPU.ActiveCfg = Release|Any CPU
		{4A44364C-E8BD-4B70-93E4-96B68F3E97F3}.Release|Any CPU.Build.0 = Release|Any CPU
		{6C5AC894-C902-494C-9743-8A57BA2B637B}.Debug|Any CPU.ActiveCfg = Debug|Any CPU
		{6C5AC894-C902-494C-9743-8A57BA2B637B}.Debug|Any CPU.Build.0 = Debug|Any CPU
		{6C5AC894-C902-494C-9743-8A57BA2B637B}.Release|Any CPU.ActiveCfg = Release|Any CPU
		{6C5AC894-C902-494C-9743-8A57BA2B637B}.Release|Any CPU.Build.0 = Release|Any CPU
	EndGlobalSection
	GlobalSection(SolutionProperties) = preSolution
		HideSolutionNode = FALSE
	EndGlobalSection
EndGlobal
