
Microsoft Visual Studio Solution File, Format Version 12.00
# Visual Studio 14
VisualStudioVersion = 14.0.25420.1
MinimumVisualStudioVersion = 10.0.40219.1
Project("{FAE04EC0-301F-11D3-BF4B-00C04F79EFBC}") = "VL.Common.DAS", "VL.Common.DAS\VL.Common.DAS.csproj", "{1AF58DC2-559C-46DA-B27C-2C9A7CF10AF1}"
EndProject
Project("{FAE04EC0-301F-11D3-BF4B-00C04F79EFBC}") = "VL.Common.Configurator", "VL.Common.Configurator\VL.Common.Configurator.csproj", "{4167518B-D35A-4F12-8A5E-B7BEA320C76D}"
EndProject
Project("{FAE04EC0-301F-11D3-BF4B-00C04F79EFBC}") = "VL.Common.Logger", "VL.Common.Logger\VL.Common.Logger.csproj", "{0293CB98-EAB0-43CC-B293-9A84FD84B518}"
EndProject
Project("{FAE04EC0-301F-11D3-BF4B-00C04F79EFBC}") = "VL.Common.IdGenerator", "VL.Common.IdGenerator\VL.Common.IdGenerator.csproj", "{6A5D4D0E-C5CC-48DA-B07D-2EE01FFB075E}"
EndProject
Project("{FAE04EC0-301F-11D3-BF4B-00C04F79EFBC}") = "VL.Common.Testing", "VL.Common.Testing\VL.Common.Testing.csproj", "{4A44364C-E8BD-4B70-93E4-96B68F3E97F3}"
EndProject
Project("{FAE04EC0-301F-11D3-BF4B-00C04F79EFBC}") = "VL.Common.ORM", "VL.Common.ORM\VL.Common.ORM.csproj", "{6C5AC894-C902-494C-9743-8A57BA2B637B}"
EndProject
Project("{FAE04EC0-301F-11D3-BF4B-00C04F79EFBC}") = "VL.Common.Protocol", "VL.Common.Protocol\VL.Common.Protocol.csproj", "{8CD7B6CA-A803-4FAC-9ACD-85555F6C2844}"
EndProject
Project("{FAE04EC0-301F-11D3-BF4B-00C04F79EFBC}") = "Additions", "Additions\Additions.csproj", "{E17CAFB3-8B36-4E10-865C-3107E049A7B2}"
EndProject
Project("{FAE04EC0-301F-11D3-BF4B-00C04F79EFBC}") = "VL.Common.Caching.Redis", "VL.Common.Caching.Redis\VL.Common.Caching.Redis.csproj", "{BCAFC198-ED5C-46DE-9726-1422251E82CE}"
EndProject
Project("{FAE04EC0-301F-11D3-BF4B-00C04F79EFBC}") = "VL.Common.Caching", "VL.Common.Caching\VL.Common.Caching.csproj", "{7C3F7157-0DD1-47E2-9FB6-AA5CD8435BC9}"
EndProject
Project("{FAE04EC0-301F-11D3-BF4B-00C04F79EFBC}") = "VL.Common.Core", "VL.Common.Core\VL.Common.Core.csproj", "{CF00B1AE-9365-44CC-A055-BC8ECD3E2166}"
EndProject
Project("{2150E333-8FDC-42A3-9474-1A3956D46DE8}") = "Backup", "Backup", "{B8073F64-E428-49AF-A61E-2DB804DF168E}"
EndProject
Project("{2150E333-8FDC-42A3-9474-1A3956D46DE8}") = "TODO", "TODO", "{2B8F8E84-9BF8-49A1-8450-C22E849285E1}"
EndProject
Global
	GlobalSection(SolutionConfigurationPlatforms) = preSolution
		Debug|Any CPU = Debug|Any CPU
		Release|Any CPU = Release|Any CPU
	EndGlobalSection
	GlobalSection(ProjectConfigurationPlatforms) = postSolution
		{1AF58DC2-559C-46DA-B27C-2C9A7CF10AF1}.Debug|Any CPU.ActiveCfg = Debug|Any CPU
		{1AF58DC2-559C-46DA-B27C-2C9A7CF10AF1}.Debug|Any CPU.Build.0 = Debug|Any CPU
		{1AF58DC2-559C-46DA-B27C-2C9A7CF10AF1}.Release|Any CPU.ActiveCfg = Release|Any CPU
		{1AF58DC2-559C-46DA-B27C-2C9A7CF10AF1}.Release|Any CPU.Build.0 = Release|Any CPU
		{4167518B-D35A-4F12-8A5E-B7BEA320C76D}.Debug|Any CPU.ActiveCfg = Debug|Any CPU
		{4167518B-D35A-4F12-8A5E-B7BEA320C76D}.Debug|Any CPU.Build.0 = Debug|Any CPU
		{4167518B-D35A-4F12-8A5E-B7BEA320C76D}.Release|Any CPU.ActiveCfg = Release|Any CPU
		{4167518B-D35A-4F12-8A5E-B7BEA320C76D}.Release|Any CPU.Build.0 = Release|Any CPU
		{0293CB98-EAB0-43CC-B293-9A84FD84B518}.Debug|Any CPU.ActiveCfg = Debug|Any CPU
		{0293CB98-EAB0-43CC-B293-9A84FD84B518}.Debug|Any CPU.Build.0 = Debug|Any CPU
		{0293CB98-EAB0-43CC-B293-9A84FD84B518}.Release|Any CPU.ActiveCfg = Release|Any CPU
		{0293CB98-EAB0-43CC-B293-9A84FD84B518}.Release|Any CPU.Build.0 = Release|Any CPU
		{6A5D4D0E-C5CC-48DA-B07D-2EE01FFB075E}.Debug|Any CPU.ActiveCfg = Debug|Any CPU
		{6A5D4D0E-C5CC-48DA-B07D-2EE01FFB075E}.Debug|Any CPU.Build.0 = Debug|Any CPU
		{6A5D4D0E-C5CC-48DA-B07D-2EE01FFB075E}.Release|Any CPU.ActiveCfg = Release|Any CPU
		{6A5D4D0E-C5CC-48DA-B07D-2EE01FFB075E}.Release|Any CPU.Build.0 = Release|Any CPU
		{4A44364C-E8BD-4B70-93E4-96B68F3E97F3}.Debug|Any CPU.ActiveCfg = Debug|Any CPU
		{4A44364C-E8BD-4B70-93E4-96B68F3E97F3}.Debug|Any CPU.Build.0 = Debug|Any CPU
		{4A44364C-E8BD-4B70-93E4-96B68F3E97F3}.Release|Any CPU.ActiveCfg = Release|Any CPU
		{4A44364C-E8BD-4B70-93E4-96B68F3E97F3}.Release|Any CPU.Build.0 = Release|Any CPU
		{6C5AC894-C902-494C-9743-8A57BA2B637B}.Debug|Any CPU.ActiveCfg = Debug|Any CPU
		{6C5AC894-C902-494C-9743-8A57BA2B637B}.Debug|Any CPU.Build.0 = Debug|Any CPU
		{6C5AC894-C902-494C-9743-8A57BA2B637B}.Release|Any CPU.ActiveCfg = Release|Any CPU
		{6C5AC894-C902-494C-9743-8A57BA2B637B}.Release|Any CPU.Build.0 = Release|Any CPU
		{8CD7B6CA-A803-4FAC-9ACD-85555F6C2844}.Debug|Any CPU.ActiveCfg = Debug|Any CPU
		{8CD7B6CA-A803-4FAC-9ACD-85555F6C2844}.Debug|Any CPU.Build.0 = Debug|Any CPU
		{8CD7B6CA-A803-4FAC-9ACD-85555F6C2844}.Release|Any CPU.ActiveCfg = Release|Any CPU
		{8CD7B6CA-A803-4FAC-9ACD-85555F6C2844}.Release|Any CPU.Build.0 = Release|Any CPU
		{E17CAFB3-8B36-4E10-865C-3107E049A7B2}.Debug|Any CPU.ActiveCfg = Debug|Any CPU
		{E17CAFB3-8B36-4E10-865C-3107E049A7B2}.Debug|Any CPU.Build.0 = Debug|Any CPU
		{E17CAFB3-8B36-4E10-865C-3107E049A7B2}.Release|Any CPU.ActiveCfg = Release|Any CPU
		{E17CAFB3-8B36-4E10-865C-3107E049A7B2}.Release|Any CPU.Build.0 = Release|Any CPU
		{BCAFC198-ED5C-46DE-9726-1422251E82CE}.Debug|Any CPU.ActiveCfg = Debug|Any CPU
		{BCAFC198-ED5C-46DE-9726-1422251E82CE}.Debug|Any CPU.Build.0 = Debug|Any CPU
		{BCAFC198-ED5C-46DE-9726-1422251E82CE}.Release|Any CPU.ActiveCfg = Release|Any CPU
		{BCAFC198-ED5C-46DE-9726-1422251E82CE}.Release|Any CPU.Build.0 = Release|Any CPU
		{7C3F7157-0DD1-47E2-9FB6-AA5CD8435BC9}.Debug|Any CPU.ActiveCfg = Debug|Any CPU
		{7C3F7157-0DD1-47E2-9FB6-AA5CD8435BC9}.Debug|Any CPU.Build.0 = Debug|Any CPU
		{7C3F7157-0DD1-47E2-9FB6-AA5CD8435BC9}.Release|Any CPU.ActiveCfg = Release|Any CPU
		{7C3F7157-0DD1-47E2-9FB6-AA5CD8435BC9}.Release|Any CPU.Build.0 = Release|Any CPU
		{CF00B1AE-9365-44CC-A055-BC8ECD3E2166}.Debug|Any CPU.ActiveCfg = Debug|Any CPU
		{CF00B1AE-9365-44CC-A055-BC8ECD3E2166}.Debug|Any CPU.Build.0 = Debug|Any CPU
		{CF00B1AE-9365-44CC-A055-BC8ECD3E2166}.Release|Any CPU.ActiveCfg = Release|Any CPU
		{CF00B1AE-9365-44CC-A055-BC8ECD3E2166}.Release|Any CPU.Build.0 = Release|Any CPU
	EndGlobalSection
	GlobalSection(SolutionProperties) = preSolution
		HideSolutionNode = FALSE
	EndGlobalSection
	GlobalSection(NestedProjects) = preSolution
		{1AF58DC2-559C-46DA-B27C-2C9A7CF10AF1} = {B8073F64-E428-49AF-A61E-2DB804DF168E}
		{4167518B-D35A-4F12-8A5E-B7BEA320C76D} = {B8073F64-E428-49AF-A61E-2DB804DF168E}
		{0293CB98-EAB0-43CC-B293-9A84FD84B518} = {B8073F64-E428-49AF-A61E-2DB804DF168E}
		{6A5D4D0E-C5CC-48DA-B07D-2EE01FFB075E} = {2B8F8E84-9BF8-49A1-8450-C22E849285E1}
		{6C5AC894-C902-494C-9743-8A57BA2B637B} = {B8073F64-E428-49AF-A61E-2DB804DF168E}
		{8CD7B6CA-A803-4FAC-9ACD-85555F6C2844} = {B8073F64-E428-49AF-A61E-2DB804DF168E}
		{BCAFC198-ED5C-46DE-9726-1422251E82CE} = {2B8F8E84-9BF8-49A1-8450-C22E849285E1}
		{7C3F7157-0DD1-47E2-9FB6-AA5CD8435BC9} = {2B8F8E84-9BF8-49A1-8450-C22E849285E1}
	EndGlobalSection
EndGlobal
